
Microsoft Visual Studio Solution File, Format Version 12.00
# Visual Studio 2015
Project("{FAE04EC0-301F-11D3-BF4B-00C04F79EFBC}") = "studyproject.CSharp.Plugins", "studyproject.CSharp.Plugins.csproj", "{DDF4DE4C-8C89-E271-ED9F-9547E3D05AD9}"
EndProject
Project("{FAE04EC0-301F-11D3-BF4B-00C04F79EFBC}") = "studyproject.CSharp", "studyproject.CSharp.csproj", "{911A028A-4330-9FA3-2AB0-5074BE20B675}"
EndProject
Project("{FAE04EC0-301F-11D3-BF4B-00C04F79EFBC}") = "studyproject.CSharp.Editor", "studyproject.CSharp.Editor.csproj", "{58D13B1F-746E-7E19-E115-23B415D324F5}"
EndProject
Global
	GlobalSection(SolutionConfigurationPlatforms) = preSolution
		Debug|Any CPU = Debug|Any CPU
		Release|Any CPU = Release|Any CPU
	EndGlobalSection
	GlobalSection(ProjectConfigurationPlatforms) = postSolution
		{DDF4DE4C-8C89-E271-ED9F-9547E3D05AD9}.Debug|Any CPU.ActiveCfg = Debug|Any CPU
		{DDF4DE4C-8C89-E271-ED9F-9547E3D05AD9}.Debug|Any CPU.Build.0 = Debug|Any CPU
		{DDF4DE4C-8C89-E271-ED9F-9547E3D05AD9}.Release|Any CPU.ActiveCfg = Release|Any CPU
		{DDF4DE4C-8C89-E271-ED9F-9547E3D05AD9}.Release|Any CPU.Build.0 = Release|Any CPU
		{911A028A-4330-9FA3-2AB0-5074BE20B675}.Debug|Any CPU.ActiveCfg = Debug|Any CPU
		{911A028A-4330-9FA3-2AB0-5074BE20B675}.Debug|Any CPU.Build.0 = Debug|Any CPU
		{911A028A-4330-9FA3-2AB0-5074BE20B675}.Release|Any CPU.ActiveCfg = Release|Any CPU
		{911A028A-4330-9FA3-2AB0-5074BE20B675}.Release|Any CPU.Build.0 = Release|Any CPU
		{58D13B1F-746E-7E19-E115-23B415D324F5}.Debug|Any CPU.ActiveCfg = Debug|Any CPU
		{58D13B1F-746E-7E19-E115-23B415D324F5}.Debug|Any CPU.Build.0 = Debug|Any CPU
		{58D13B1F-746E-7E19-E115-23B415D324F5}.Release|Any CPU.ActiveCfg = Release|Any CPU
		{58D13B1F-746E-7E19-E115-23B415D324F5}.Release|Any CPU.Build.0 = Release|Any CPU
	EndGlobalSection
	GlobalSection(SolutionProperties) = preSolution
		HideSolutionNode = FALSE
	EndGlobalSection
EndGlobal
